
Microsoft Visual Studio Solution File, Format Version 12.00
# Visual Studio Version 16
VisualStudioVersion = 16.0.30204.135
MinimumVisualStudioVersion = 10.0.40219.1
Project("{FAE04EC0-301F-11D3-BF4B-00C04F79EFBC}") = "VividTextBox", "TextBoxes\VividTextBox.csproj", "{BEE7B28A-B7C4-4160-A993-2D127CCE37B5}"
EndProject
Project("{FAE04EC0-301F-11D3-BF4B-00C04F79EFBC}") = "LibraryTestingForm", "LibraryTestingForm\LibraryTestingForm.csproj", "{3A129F62-6357-441B-9F10-7FAE9E705543}"
EndProject
Global
	GlobalSection(SolutionConfigurationPlatforms) = preSolution
		Debug|Any CPU = Debug|Any CPU
		Release|Any CPU = Release|Any CPU
	EndGlobalSection
	GlobalSection(ProjectConfigurationPlatforms) = postSolution
		{BEE7B28A-B7C4-4160-A993-2D127CCE37B5}.Debug|Any CPU.ActiveCfg = Debug|Any CPU
		{BEE7B28A-B7C4-4160-A993-2D127CCE37B5}.Debug|Any CPU.Build.0 = Debug|Any CPU
		{BEE7B28A-B7C4-4160-A993-2D127CCE37B5}.Release|Any CPU.ActiveCfg = Release|Any CPU
		{BEE7B28A-B7C4-4160-A993-2D127CCE37B5}.Release|Any CPU.Build.0 = Release|Any CPU
		{3A129F62-6357-441B-9F10-7FAE9E705543}.Debug|Any CPU.ActiveCfg = Debug|Any CPU
		{3A129F62-6357-441B-9F10-7FAE9E705543}.Debug|Any CPU.Build.0 = Debug|Any CPU
		{3A129F62-6357-441B-9F10-7FAE9E705543}.Release|Any CPU.ActiveCfg = Release|Any CPU
		{3A129F62-6357-441B-9F10-7FAE9E705543}.Release|Any CPU.Build.0 = Release|Any CPU
	EndGlobalSection
	GlobalSection(SolutionProperties) = preSolution
		HideSolutionNode = FALSE
	EndGlobalSection
	GlobalSection(ExtensibilityGlobals) = postSolution
		SolutionGuid = {7939EB2D-6567-4F13-8702-7F637F50F42B}
	EndGlobalSection
EndGlobal
